
Microsoft Visual Studio Solution File, Format Version 12.00
# Visual Studio Version 16
VisualStudioVersion = 16.6.30114.105
MinimumVisualStudioVersion = 10.0.40219.1
Project("{FAE04EC0-301F-11D3-BF4B-00C04F79EFBC}") = "Domain", "Api.Domain\Domain.csproj", "{80557904-344E-402E-BEB2-B2C8DDC5BE9C}"
EndProject
Project("{FAE04EC0-301F-11D3-BF4B-00C04F79EFBC}") = "CrossCutting", "Api.CrossCutting\CrossCutting.csproj", "{FDA9442A-8D0C-4E56-A2C1-540398525832}"
EndProject
Project("{FAE04EC0-301F-11D3-BF4B-00C04F79EFBC}") = "Data", "Api.Data\Data.csproj", "{B6EDB7CB-5A51-4D37-81A4-E781F425BE68}"
EndProject
Project("{FAE04EC0-301F-11D3-BF4B-00C04F79EFBC}") = "Service", "Api.Service\Service.csproj", "{6C661F0A-90FB-4FE7-8D99-BBCF3FE4FD0F}"
EndProject
Project("{FAE04EC0-301F-11D3-BF4B-00C04F79EFBC}") = "Api.Data.Test", "Api.Data.Test\Api.Data.Test.csproj", "{1BF7593C-BB9C-4807-AF47-061FA324337A}"
EndProject
Project("{FAE04EC0-301F-11D3-BF4B-00C04F79EFBC}") = "Api.Service.Test", "Api.Service.Test\Api.Service.Test.csproj", "{C330ADDC-1C78-47FB-8370-4C0E0379758C}"
EndProject
Project("{FAE04EC0-301F-11D3-BF4B-00C04F79EFBC}") = "Api.Application.Test", "Api.Application.Test\Api.Application.Test.csproj", "{8F691A24-D3F5-4524-9219-47CB17AE759E}"
EndProject
Project("{FAE04EC0-301F-11D3-BF4B-00C04F79EFBC}") = "application", "Api.Application\application.csproj", "{1C63DCBA-5C38-4B24-A54F-5E554EA174E6}"
EndProject
Project("{FAE04EC0-301F-11D3-BF4B-00C04F79EFBC}") = "Api.Integration.Test", "Api.Integration.Test\Api.Integration.Test.csproj", "{1572C020-2308-41CA-94B8-7C7B4D4BE0F2}"
EndProject
Global
	GlobalSection(SolutionConfigurationPlatforms) = preSolution
		Debug|Any CPU = Debug|Any CPU
		Debug|x64 = Debug|x64
		Debug|x86 = Debug|x86
		Release|Any CPU = Release|Any CPU
		Release|x64 = Release|x64
		Release|x86 = Release|x86
	EndGlobalSection
	GlobalSection(SolutionProperties) = preSolution
		HideSolutionNode = FALSE
	EndGlobalSection
	GlobalSection(ProjectConfigurationPlatforms) = postSolution
		{80557904-344E-402E-BEB2-B2C8DDC5BE9C}.Debug|Any CPU.ActiveCfg = Debug|Any CPU
		{80557904-344E-402E-BEB2-B2C8DDC5BE9C}.Debug|Any CPU.Build.0 = Debug|Any CPU
		{80557904-344E-402E-BEB2-B2C8DDC5BE9C}.Debug|x64.ActiveCfg = Debug|Any CPU
		{80557904-344E-402E-BEB2-B2C8DDC5BE9C}.Debug|x64.Build.0 = Debug|Any CPU
		{80557904-344E-402E-BEB2-B2C8DDC5BE9C}.Debug|x86.ActiveCfg = Debug|Any CPU
		{80557904-344E-402E-BEB2-B2C8DDC5BE9C}.Debug|x86.Build.0 = Debug|Any CPU
		{80557904-344E-402E-BEB2-B2C8DDC5BE9C}.Release|Any CPU.ActiveCfg = Release|Any CPU
		{80557904-344E-402E-BEB2-B2C8DDC5BE9C}.Release|Any CPU.Build.0 = Release|Any CPU
		{80557904-344E-402E-BEB2-B2C8DDC5BE9C}.Release|x64.ActiveCfg = Release|Any CPU
		{80557904-344E-402E-BEB2-B2C8DDC5BE9C}.Release|x64.Build.0 = Release|Any CPU
		{80557904-344E-402E-BEB2-B2C8DDC5BE9C}.Release|x86.ActiveCfg = Release|Any CPU
		{80557904-344E-402E-BEB2-B2C8DDC5BE9C}.Release|x86.Build.0 = Release|Any CPU
		{FDA9442A-8D0C-4E56-A2C1-540398525832}.Debug|Any CPU.ActiveCfg = Debug|Any CPU
		{FDA9442A-8D0C-4E56-A2C1-540398525832}.Debug|Any CPU.Build.0 = Debug|Any CPU
		{FDA9442A-8D0C-4E56-A2C1-540398525832}.Debug|x64.ActiveCfg = Debug|Any CPU
		{FDA9442A-8D0C-4E56-A2C1-540398525832}.Debug|x64.Build.0 = Debug|Any CPU
		{FDA9442A-8D0C-4E56-A2C1-540398525832}.Debug|x86.ActiveCfg = Debug|Any CPU
		{FDA9442A-8D0C-4E56-A2C1-540398525832}.Debug|x86.Build.0 = Debug|Any CPU
		{FDA9442A-8D0C-4E56-A2C1-540398525832}.Release|Any CPU.ActiveCfg = Release|Any CPU
		{FDA9442A-8D0C-4E56-A2C1-540398525832}.Release|Any CPU.Build.0 = Release|Any CPU
		{FDA9442A-8D0C-4E56-A2C1-540398525832}.Release|x64.ActiveCfg = Release|Any CPU
		{FDA9442A-8D0C-4E56-A2C1-540398525832}.Release|x64.Build.0 = Release|Any CPU
		{FDA9442A-8D0C-4E56-A2C1-540398525832}.Release|x86.ActiveCfg = Release|Any CPU
		{FDA9442A-8D0C-4E56-A2C1-540398525832}.Release|x86.Build.0 = Release|Any CPU
		{B6EDB7CB-5A51-4D37-81A4-E781F425BE68}.Debug|Any CPU.ActiveCfg = Debug|Any CPU
		{B6EDB7CB-5A51-4D37-81A4-E781F425BE68}.Debug|Any CPU.Build.0 = Debug|Any CPU
		{B6EDB7CB-5A51-4D37-81A4-E781F425BE68}.Debug|x64.ActiveCfg = Debug|Any CPU
		{B6EDB7CB-5A51-4D37-81A4-E781F425BE68}.Debug|x64.Build.0 = Debug|Any CPU
		{B6EDB7CB-5A51-4D37-81A4-E781F425BE68}.Debug|x86.ActiveCfg = Debug|Any CPU
		{B6EDB7CB-5A51-4D37-81A4-E781F425BE68}.Debug|x86.Build.0 = Debug|Any CPU
		{B6EDB7CB-5A51-4D37-81A4-E781F425BE68}.Release|Any CPU.ActiveCfg = Release|Any CPU
		{B6EDB7CB-5A51-4D37-81A4-E781F425BE68}.Release|Any CPU.Build.0 = Release|Any CPU
		{B6EDB7CB-5A51-4D37-81A4-E781F425BE68}.Release|x64.ActiveCfg = Release|Any CPU
		{B6EDB7CB-5A51-4D37-81A4-E781F425BE68}.Release|x64.Build.0 = Release|Any CPU
		{B6EDB7CB-5A51-4D37-81A4-E781F425BE68}.Release|x86.ActiveCfg = Release|Any CPU
		{B6EDB7CB-5A51-4D37-81A4-E781F425BE68}.Release|x86.Build.0 = Release|Any CPU
		{6C661F0A-90FB-4FE7-8D99-BBCF3FE4FD0F}.Debug|Any CPU.ActiveCfg = Debug|Any CPU
		{6C661F0A-90FB-4FE7-8D99-BBCF3FE4FD0F}.Debug|Any CPU.Build.0 = Debug|Any CPU
		{6C661F0A-90FB-4FE7-8D99-BBCF3FE4FD0F}.Debug|x64.ActiveCfg = Debug|Any CPU
		{6C661F0A-90FB-4FE7-8D99-BBCF3FE4FD0F}.Debug|x64.Build.0 = Debug|Any CPU
		{6C661F0A-90FB-4FE7-8D99-BBCF3FE4FD0F}.Debug|x86.ActiveCfg = Debug|Any CPU
		{6C661F0A-90FB-4FE7-8D99-BBCF3FE4FD0F}.Debug|x86.Build.0 = Debug|Any CPU
		{6C661F0A-90FB-4FE7-8D99-BBCF3FE4FD0F}.Release|Any CPU.ActiveCfg = Release|Any CPU
		{6C661F0A-90FB-4FE7-8D99-BBCF3FE4FD0F}.Release|Any CPU.Build.0 = Release|Any CPU
		{6C661F0A-90FB-4FE7-8D99-BBCF3FE4FD0F}.Release|x64.ActiveCfg = Release|Any CPU
		{6C661F0A-90FB-4FE7-8D99-BBCF3FE4FD0F}.Release|x64.Build.0 = Release|Any CPU
		{6C661F0A-90FB-4FE7-8D99-BBCF3FE4FD0F}.Release|x86.ActiveCfg = Release|Any CPU
		{6C661F0A-90FB-4FE7-8D99-BBCF3FE4FD0F}.Release|x86.Build.0 = Release|Any CPU
		{1BF7593C-BB9C-4807-AF47-061FA324337A}.Debug|Any CPU.ActiveCfg = Debug|Any CPU
		{1BF7593C-BB9C-4807-AF47-061FA324337A}.Debug|Any CPU.Build.0 = Debug|Any CPU
		{1BF7593C-BB9C-4807-AF47-061FA324337A}.Debug|x64.ActiveCfg = Debug|Any CPU
		{1BF7593C-BB9C-4807-AF47-061FA324337A}.Debug|x64.Build.0 = Debug|Any CPU
		{1BF7593C-BB9C-4807-AF47-061FA324337A}.Debug|x86.ActiveCfg = Debug|Any CPU
		{1BF7593C-BB9C-4807-AF47-061FA324337A}.Debug|x86.Build.0 = Debug|Any CPU
		{1BF7593C-BB9C-4807-AF47-061FA324337A}.Release|Any CPU.ActiveCfg = Release|Any CPU
		{1BF7593C-BB9C-4807-AF47-061FA324337A}.Release|Any CPU.Build.0 = Release|Any CPU
		{1BF7593C-BB9C-4807-AF47-061FA324337A}.Release|x64.ActiveCfg = Release|Any CPU
		{1BF7593C-BB9C-4807-AF47-061FA324337A}.Release|x64.Build.0 = Release|Any CPU
		{1BF7593C-BB9C-4807-AF47-061FA324337A}.Release|x86.ActiveCfg = Release|Any CPU
		{1BF7593C-BB9C-4807-AF47-061FA324337A}.Release|x86.Build.0 = Release|Any CPU
		{C330ADDC-1C78-47FB-8370-4C0E0379758C}.Debug|Any CPU.ActiveCfg = Debug|Any CPU
		{C330ADDC-1C78-47FB-8370-4C0E0379758C}.Debug|Any CPU.Build.0 = Debug|Any CPU
		{C330ADDC-1C78-47FB-8370-4C0E0379758C}.Debug|x64.ActiveCfg = Debug|Any CPU
		{C330ADDC-1C78-47FB-8370-4C0E0379758C}.Debug|x64.Build.0 = Debug|Any CPU
		{C330ADDC-1C78-47FB-8370-4C0E0379758C}.Debug|x86.ActiveCfg = Debug|Any CPU
		{C330ADDC-1C78-47FB-8370-4C0E0379758C}.Debug|x86.Build.0 = Debug|Any CPU
		{C330ADDC-1C78-47FB-8370-4C0E0379758C}.Release|Any CPU.ActiveCfg = Release|Any CPU
		{C330ADDC-1C78-47FB-8370-4C0E0379758C}.Release|Any CPU.Build.0 = Release|Any CPU
		{C330ADDC-1C78-47FB-8370-4C0E0379758C}.Release|x64.ActiveCfg = Release|Any CPU
		{C330ADDC-1C78-47FB-8370-4C0E0379758C}.Release|x64.Build.0 = Release|Any CPU
		{C330ADDC-1C78-47FB-8370-4C0E0379758C}.Release|x86.ActiveCfg = Release|Any CPU
		{C330ADDC-1C78-47FB-8370-4C0E0379758C}.Release|x86.Build.0 = Release|Any CPU
		{8F691A24-D3F5-4524-9219-47CB17AE759E}.Debug|Any CPU.ActiveCfg = Debug|Any CPU
		{8F691A24-D3F5-4524-9219-47CB17AE759E}.Debug|Any CPU.Build.0 = Debug|Any CPU
		{8F691A24-D3F5-4524-9219-47CB17AE759E}.Debug|x64.ActiveCfg = Debug|Any CPU
		{8F691A24-D3F5-4524-9219-47CB17AE759E}.Debug|x64.Build.0 = Debug|Any CPU
		{8F691A24-D3F5-4524-9219-47CB17AE759E}.Debug|x86.ActiveCfg = Debug|Any CPU
		{8F691A24-D3F5-4524-9219-47CB17AE759E}.Debug|x86.Build.0 = Debug|Any CPU
		{8F691A24-D3F5-4524-9219-47CB17AE759E}.Release|Any CPU.ActiveCfg = Release|Any CPU
		{8F691A24-D3F5-4524-9219-47CB17AE759E}.Release|Any CPU.Build.0 = Release|Any CPU
		{8F691A24-D3F5-4524-9219-47CB17AE759E}.Release|x64.ActiveCfg = Release|Any CPU
		{8F691A24-D3F5-4524-9219-47CB17AE759E}.Release|x64.Build.0 = Release|Any CPU
		{8F691A24-D3F5-4524-9219-47CB17AE759E}.Release|x86.ActiveCfg = Release|Any CPU
		{8F691A24-D3F5-4524-9219-47CB17AE759E}.Release|x86.Build.0 = Release|Any CPU
		{1C63DCBA-5C38-4B24-A54F-5E554EA174E6}.Debug|Any CPU.ActiveCfg = Debug|Any CPU
		{1C63DCBA-5C38-4B24-A54F-5E554EA174E6}.Debug|Any CPU.Build.0 = Debug|Any CPU
		{1C63DCBA-5C38-4B24-A54F-5E554EA174E6}.Debug|x64.ActiveCfg = Debug|Any CPU
		{1C63DCBA-5C38-4B24-A54F-5E554EA174E6}.Debug|x64.Build.0 = Debug|Any CPU
		{1C63DCBA-5C38-4B24-A54F-5E554EA174E6}.Debug|x86.ActiveCfg = Debug|Any CPU
		{1C63DCBA-5C38-4B24-A54F-5E554EA174E6}.Debug|x86.Build.0 = Debug|Any CPU
		{1C63DCBA-5C38-4B24-A54F-5E554EA174E6}.Release|Any CPU.ActiveCfg = Release|Any CPU
		{1C63DCBA-5C38-4B24-A54F-5E554EA174E6}.Release|Any CPU.Build.0 = Release|Any CPU
		{1C63DCBA-5C38-4B24-A54F-5E554EA174E6}.Release|x64.ActiveCfg = Release|Any CPU
		{1C63DCBA-5C38-4B24-A54F-5E554EA174E6}.Release|x64.Build.0 = Release|Any CPU
		{1C63DCBA-5C38-4B24-A54F-5E554EA174E6}.Release|x86.ActiveCfg = Release|Any CPU
		{1C63DCBA-5C38-4B24-A54F-5E554EA174E6}.Release|x86.Build.0 = Release|Any CPU
		{1572C020-2308-41CA-94B8-7C7B4D4BE0F2}.Debug|Any CPU.ActiveCfg = Debug|Any CPU
		{1572C020-2308-41CA-94B8-7C7B4D4BE0F2}.Debug|Any CPU.Build.0 = Debug|Any CPU
		{1572C020-2308-41CA-94B8-7C7B4D4BE0F2}.Debug|x64.ActiveCfg = Debug|Any CPU
		{1572C020-2308-41CA-94B8-7C7B4D4BE0F2}.Debug|x64.Build.0 = Debug|Any CPU
		{1572C020-2308-41CA-94B8-7C7B4D4BE0F2}.Debug|x86.ActiveCfg = Debug|Any CPU
		{1572C020-2308-41CA-94B8-7C7B4D4BE0F2}.Debug|x86.Build.0 = Debug|Any CPU
		{1572C020-2308-41CA-94B8-7C7B4D4BE0F2}.Release|Any CPU.ActiveCfg = Release|Any CPU
		{1572C020-2308-41CA-94B8-7C7B4D4BE0F2}.Release|Any CPU.Build.0 = Release|Any CPU
		{1572C020-2308-41CA-94B8-7C7B4D4BE0F2}.Release|x64.ActiveCfg = Release|Any CPU
		{1572C020-2308-41CA-94B8-7C7B4D4BE0F2}.Release|x64.Build.0 = Release|Any CPU
		{1572C020-2308-41CA-94B8-7C7B4D4BE0F2}.Release|x86.ActiveCfg = Release|Any CPU
		{1572C020-2308-41CA-94B8-7C7B4D4BE0F2}.Release|x86.Build.0 = Release|Any CPU
	EndGlobalSection
EndGlobal
